Microsoft Visual Studio Solution File, Format Version 12.00
# Visual Studio Version 17
VisualStudioVersion = 17.14.36414.22
MinimumVisualStudioVersion = 10.0.40219.1
Project("{FAE04EC0-301F-11D3-BF4B-00C04F79EFBC}") = "Hirenet.AppHost", "Hirenet.AppHost\Hirenet.AppHost.csproj", "{554025A7-2AA6-4E8E-8025-FADD78D7037D}"
EndProject
Project("{FAE04EC0-301F-11D3-BF4B-00C04F79EFBC}") = "Hirenet.ServiceDefaults", "Hirenet.ServiceDefaults\Hirenet.ServiceDefaults.csproj", "{E6BD7B03-AAE3-5BD6-BC8A-34924CC05564}"
EndProject
Project("{2150E333-8FDC-42A3-9474-1A3956D46DE8}") = "Services", "Services", "{02EA681E-C7D8-13C7-8484-4AC65E1B71E8}"
EndProject
Project("{2150E333-8FDC-42A3-9474-1A3956D46DE8}") = "AuthenticationService", "AuthenticationService", "{20E5871F-00B3-45D8-82B1-5207693B8EDF}"
EndProject
Project("{FAE04EC0-301F-11D3-BF4B-00C04F79EFBC}") = "Hirenet.Authenticate.API", "Hirenet.Authenticate.API\Hirenet.Authenticate.API.csproj", "{64E4C756-C5F0-1430-C81E-D86886E20770}"
EndProject
Project("{FAE04EC0-301F-11D3-BF4B-00C04F79EFBC}") = "Hirenet.Authenticate.Domain", "Hirenet.Authenticate.Domain\Hirenet.Authenticate.Domain.csproj", "{384499E9-8F35-4C05-B5C7-0B6ABC8FA76D}"
EndProject
Project("{FAE04EC0-301F-11D3-BF4B-00C04F79EFBC}") = "Hirenet.Authenticate.Application", "Hirenet.Authenticate.Application\Hirenet.Authenticate.Application.csproj", "{7F8F09B8-16BA-4AAE-8F5D-5A760C3B4989}"
EndProject
Project("{FAE04EC0-301F-11D3-BF4B-00C04F79EFBC}") = "Hirenet.Authenticate.Infrastructure", "Hirenet.Authenticate.Infrastructure\Hirenet.Authenticate.Infrastructure.csproj", "{4D46A59B-BCF8-45C2-84D6-DDCD6EB64AD0}"
EndProject
Project("{2150E333-8FDC-42A3-9474-1A3956D46DE8}") = "JobService", "JobService", "{AA52D94C-1427-4F9B-8AD6-5695B6ABBBFE}"
EndProject
Project("{FAE04EC0-301F-11D3-BF4B-00C04F79EFBC}") = "Hirenet.Job.API", "Hirenet.Job.API\Hirenet.Job.API.csproj", "{7604CB90-9F80-FEC0-E83D-329E3B558F29}"
EndProject
Project("{FAE04EC0-301F-11D3-BF4B-00C04F79EFBC}") = "Hirenet.Job.Domain", "Hirenet.Job.Domain\Hirenet.Job.Domain.csproj", "{777D13E4-E50F-4E86-8962-932CF18FA378}"
EndProject
Project("{FAE04EC0-301F-11D3-BF4B-00C04F79EFBC}") = "Hirenet.Job.Application", "Hirenet.Job.Application\Hirenet.Job.Application.csproj", "{3295445B-7276-4333-B43D-B93BD8942003}"
EndProject
Project("{FAE04EC0-301F-11D3-BF4B-00C04F79EFBC}") = "Hirenet.Job.Infrastructure", "Hirenet.Job.Infrastructure\Hirenet.Job.Infrastructure.csproj", "{E69598A2-99FD-4FE0-B0BA-97C3679FAD96}"
EndProject
Project("{2150E333-8FDC-42A3-9474-1A3956D46DE8}") = "Gateway", "Gateway", "{C0BD7D14-E90F-4AF9-94B7-7E42A7D1AB7D}"
EndProject
Project("{FAE04EC0-301F-11D3-BF4B-00C04F79EFBC}") = "Hirenet.Gateway", "Hirenet.Gateway\Hirenet.Gateway.csproj", "{8691B4EE-16BC-FF55-1077-D9E4DF307EF0}"
EndProject
Project("{2150E333-8FDC-42A3-9474-1A3956D46DE8}") = "PaymentSystem", "PaymentSystem", "{50F60973-A643-4757-941E-0A841DD6468B}"
EndProject
Project("{2150E333-8FDC-42A3-9474-1A3956D46DE8}") = "WalletService", "WalletService", "{A86606AC-8C35-4712-A8F3-2D8E80B7BEAE}"
EndProject
Project("{2150E333-8FDC-42A3-9474-1A3956D46DE8}") = "PaymentService", "PaymentService", "{63501D13-A099-4670-8147-E82648D746ED}"
EndProject
Project("{2150E333-8FDC-42A3-9474-1A3956D46DE8}") = "PayoutService", "PayoutService", "{B6188D6A-2CCF-42A3-9898-A40F46EAE1D8}"
EndProject
Project("{FAE04EC0-301F-11D3-BF4B-00C04F79EFBC}") = "Hirenet.Wallet.API", "Hirenet.Wallet.API\Hirenet.Wallet.API.csproj", "{6EE3A3E4-E095-7AF1-984D-4D3EA55E5F2F}"
EndProject
Project("{FAE04EC0-301F-11D3-BF4B-00C04F79EFBC}") = "Hirenet.Wallet.Domain", "Hirenet.Wallet.Domain\Hirenet.Wallet.Domain.csproj", "{32EC4642-3C20-4207-8B02-A109DDAD308C}"
EndProject
Project("{FAE04EC0-301F-11D3-BF4B-00C04F79EFBC}") = "Hirenet.Wallet.Application", "Hirenet.Wallet.Application\Hirenet.Wallet.Application.csproj", "{F81F7C9E-3293-4676-B4F0-A2DC87FF07B0}"
EndProject
Project("{FAE04EC0-301F-11D3-BF4B-00C04F79EFBC}") = "Hirenet.Wallet.Infrastructure", "Hirenet.Wallet.Infrastructure\Hirenet.Wallet.Infrastructure.csproj", "{6227148E-7A66-4D2B-9E22-6D732A22C7EE}"
EndProject
Global
	GlobalSection(SolutionConfigurationPlatforms) = preSolution
		Debug|Any CPU = Debug|Any CPU
		Release|Any CPU = Release|Any CPU
	EndGlobalSection
	GlobalSection(ProjectConfigurationPlatforms) = postSolution
		{554025A7-2AA6-4E8E-8025-FADD78D7037D}.Debug|Any CPU.ActiveCfg = Debug|Any CPU
		{554025A7-2AA6-4E8E-8025-FADD78D7037D}.Debug|Any CPU.Build.0 = Debug|Any CPU
		{554025A7-2AA6-4E8E-8025-FADD78D7037D}.Release|Any CPU.ActiveCfg = Release|Any CPU
		{554025A7-2AA6-4E8E-8025-FADD78D7037D}.Release|Any CPU.Build.0 = Release|Any CPU
		{E6BD7B03-AAE3-5BD6-BC8A-34924CC05564}.Debug|Any CPU.ActiveCfg = Debug|Any CPU
		{E6BD7B03-AAE3-5BD6-BC8A-34924CC05564}.Debug|Any CPU.Build.0 = Debug|Any CPU
		{E6BD7B03-AAE3-5BD6-BC8A-34924CC05564}.Release|Any CPU.ActiveCfg = Release|Any CPU
		{E6BD7B03-AAE3-5BD6-BC8A-34924CC05564}.Release|Any CPU.Build.0 = Release|Any CPU
		{64E4C756-C5F0-1430-C81E-D86886E20770}.Debug|Any CPU.ActiveCfg = Debug|Any CPU
		{64E4C756-C5F0-1430-C81E-D86886E20770}.Debug|Any CPU.Build.0 = Debug|Any CPU
		{64E4C756-C5F0-1430-C81E-D86886E20770}.Release|Any CPU.ActiveCfg = Release|Any CPU
		{64E4C756-C5F0-1430-C81E-D86886E20770}.Release|Any CPU.Build.0 = Release|Any CPU
		{384499E9-8F35-4C05-B5C7-0B6ABC8FA76D}.Debug|Any CPU.ActiveCfg = Debug|Any CPU
		{384499E9-8F35-4C05-B5C7-0B6ABC8FA76D}.Debug|Any CPU.Build.0 = Debug|Any CPU
		{384499E9-8F35-4C05-B5C7-0B6ABC8FA76D}.Release|Any CPU.ActiveCfg = Release|Any CPU
		{384499E9-8F35-4C05-B5C7-0B6ABC8FA76D}.Release|Any CPU.Build.0 = Release|Any CPU
		{7F8F09B8-16BA-4AAE-8F5D-5A760C3B4989}.Debug|Any CPU.ActiveCfg = Debug|Any CPU
		{7F8F09B8-16BA-4AAE-8F5D-5A760C3B4989}.Debug|Any CPU.Build.0 = Debug|Any CPU
		{7F8F09B8-16BA-4AAE-8F5D-5A760C3B4989}.Release|Any CPU.ActiveCfg = Release|Any CPU
		{7F8F09B8-16BA-4AAE-8F5D-5A760C3B4989}.Release|Any CPU.Build.0 = Release|Any CPU
		{4D46A59B-BCF8-45C2-84D6-DDCD6EB64AD0}.Debug|Any CPU.ActiveCfg = Debug|Any CPU
		{4D46A59B-BCF8-45C2-84D6-DDCD6EB64AD0}.Debug|Any CPU.Build.0 = Debug|Any CPU
		{4D46A59B-BCF8-45C2-84D6-DDCD6EB64AD0}.Release|Any CPU.ActiveCfg = Release|Any CPU
		{4D46A59B-BCF8-45C2-84D6-DDCD6EB64AD0}.Release|Any CPU.Build.0 = Release|Any CPU
		{7604CB90-9F80-FEC0-E83D-329E3B558F29}.Debug|Any CPU.ActiveCfg = Debug|Any CPU
		{7604CB90-9F80-FEC0-E83D-329E3B558F29}.Debug|Any CPU.Build.0 = Debug|Any CPU
		{7604CB90-9F80-FEC0-E83D-329E3B558F29}.Release|Any CPU.ActiveCfg = Release|Any CPU
		{7604CB90-9F80-FEC0-E83D-329E3B558F29}.Release|Any CPU.Build.0 = Release|Any CPU
		{777D13E4-E50F-4E86-8962-932CF18FA378}.Debug|Any CPU.ActiveCfg = Debug|Any CPU
		{777D13E4-E50F-4E86-8962-932CF18FA378}.Debug|Any CPU.Build.0 = Debug|Any CPU
		{777D13E4-E50F-4E86-8962-932CF18FA378}.Release|Any CPU.ActiveCfg = Release|Any CPU
		{777D13E4-E50F-4E86-8962-932CF18FA378}.Release|Any CPU.Build.0 = Release|Any CPU
		{3295445B-7276-4333-B43D-B93BD8942003}.Debug|Any CPU.ActiveCfg = Debug|Any CPU
		{3295445B-7276-4333-B43D-B93BD8942003}.Debug|Any CPU.Build.0 = Debug|Any CPU
		{3295445B-7276-4333-B43D-B93BD8942003}.Release|Any CPU.ActiveCfg = Release|Any CPU
		{3295445B-7276-4333-B43D-B93BD8942003}.Release|Any CPU.Build.0 = Release|Any CPU
		{E69598A2-99FD-4FE0-B0BA-97C3679FAD96}.Debug|Any CPU.ActiveCfg = Debug|Any CPU
		{E69598A2-99FD-4FE0-B0BA-97C3679FAD96}.Debug|Any CPU.Build.0 = Debug|Any CPU
		{E69598A2-99FD-4FE0-B0BA-97C3679FAD96}.Release|Any CPU.ActiveCfg = Release|Any CPU
		{E69598A2-99FD-4FE0-B0BA-97C3679FAD96}.Release|Any CPU.Build.0 = Release|Any CPU
		{8691B4EE-16BC-FF55-1077-D9E4DF307EF0}.Debug|Any CPU.ActiveCfg = Debug|Any CPU
		{8691B4EE-16BC-FF55-1077-D9E4DF307EF0}.Debug|Any CPU.Build.0 = Debug|Any CPU
		{8691B4EE-16BC-FF55-1077-D9E4DF307EF0}.Release|Any CPU.ActiveCfg = Release|Any CPU
		{8691B4EE-16BC-FF55-1077-D9E4DF307EF0}.Release|Any CPU.Build.0 = Release|Any CPU
		{6EE3A3E4-E095-7AF1-984D-4D3EA55E5F2F}.Debug|Any CPU.ActiveCfg = Debug|Any CPU
		{6EE3A3E4-E095-7AF1-984D-4D3EA55E5F2F}.Debug|Any CPU.Build.0 = Debug|Any CPU
		{6EE3A3E4-E095-7AF1-984D-4D3EA55E5F2F}.Release|Any CPU.ActiveCfg = Release|Any CPU
		{6EE3A3E4-E095-7AF1-984D-4D3EA55E5F2F}.Release|Any CPU.Build.0 = Release|Any CPU
		{32EC4642-3C20-4207-8B02-A109DDAD308C}.Debug|Any CPU.ActiveCfg = Debug|Any CPU
		{32EC4642-3C20-4207-8B02-A109DDAD308C}.Debug|Any CPU.Build.0 = Debug|Any CPU
		{32EC4642-3C20-4207-8B02-A109DDAD308C}.Release|Any CPU.ActiveCfg = Release|Any CPU
		{32EC4642-3C20-4207-8B02-A109DDAD308C}.Release|Any CPU.Build.0 = Release|Any CPU
		{F81F7C9E-3293-4676-B4F0-A2DC87FF07B0}.Debug|Any CPU.ActiveCfg = Debug|Any CPU
		{F81F7C9E-3293-4676-B4F0-A2DC87FF07B0}.Debug|Any CPU.Build.0 = Debug|Any CPU
		{F81F7C9E-3293-4676-B4F0-A2DC87FF07B0}.Release|Any CPU.ActiveCfg = Release|Any CPU
		{F81F7C9E-3293-4676-B4F0-A2DC87FF07B0}.Release|Any CPU.Build.0 = Release|Any CPU
		{6227148E-7A66-4D2B-9E22-6D732A22C7EE}.Debug|Any CPU.ActiveCfg = Debug|Any CPU
		{6227148E-7A66-4D2B-9E22-6D732A22C7EE}.Debug|Any CPU.Build.0 = Debug|Any CPU
		{6227148E-7A66-4D2B-9E22-6D732A22C7EE}.Release|Any CPU.ActiveCfg = Release|Any CPU
		{6227148E-7A66-4D2B-9E22-6D732A22C7EE}.Release|Any CPU.Build.0 = Release|Any CPU
	EndGlobalSection
	GlobalSection(SolutionProperties) = preSolution
		HideSolutionNode = FALSE
	EndGlobalSection
	GlobalSection(NestedProjects) = preSolution
		{20E5871F-00B3-45D8-82B1-5207693B8EDF} = {02EA681E-C7D8-13C7-8484-4AC65E1B71E8}
		{64E4C756-C5F0-1430-C81E-D86886E20770} = {20E5871F-00B3-45D8-82B1-5207693B8EDF}
		{384499E9-8F35-4C05-B5C7-0B6ABC8FA76D} = {20E5871F-00B3-45D8-82B1-5207693B8EDF}
		{7F8F09B8-16BA-4AAE-8F5D-5A760C3B4989} = {20E5871F-00B3-45D8-82B1-5207693B8EDF}
		{4D46A59B-BCF8-45C2-84D6-DDCD6EB64AD0} = {20E5871F-00B3-45D8-82B1-5207693B8EDF}
		{AA52D94C-1427-4F9B-8AD6-5695B6ABBBFE} = {02EA681E-C7D8-13C7-8484-4AC65E1B71E8}
		{7604CB90-9F80-FEC0-E83D-329E3B558F29} = {AA52D94C-1427-4F9B-8AD6-5695B6ABBBFE}
		{777D13E4-E50F-4E86-8962-932CF18FA378} = {AA52D94C-1427-4F9B-8AD6-5695B6ABBBFE}
		{3295445B-7276-4333-B43D-B93BD8942003} = {AA52D94C-1427-4F9B-8AD6-5695B6ABBBFE}
		{E69598A2-99FD-4FE0-B0BA-97C3679FAD96} = {AA52D94C-1427-4F9B-8AD6-5695B6ABBBFE}
		{C0BD7D14-E90F-4AF9-94B7-7E42A7D1AB7D} = {02EA681E-C7D8-13C7-8484-4AC65E1B71E8}
		{8691B4EE-16BC-FF55-1077-D9E4DF307EF0} = {C0BD7D14-E90F-4AF9-94B7-7E42A7D1AB7D}
		{50F60973-A643-4757-941E-0A841DD6468B} = {02EA681E-C7D8-13C7-8484-4AC65E1B71E8}
		{A86606AC-8C35-4712-A8F3-2D8E80B7BEAE} = {50F60973-A643-4757-941E-0A841DD6468B}
		{63501D13-A099-4670-8147-E82648D746ED} = {50F60973-A643-4757-941E-0A841DD6468B}
		{B6188D6A-2CCF-42A3-9898-A40F46EAE1D8} = {50F60973-A643-4757-941E-0A841DD6468B}
		{6EE3A3E4-E095-7AF1-984D-4D3EA55E5F2F} = {A86606AC-8C35-4712-A8F3-2D8E80B7BEAE}
		{32EC4642-3C20-4207-8B02-A109DDAD308C} = {A86606AC-8C35-4712-A8F3-2D8E80B7BEAE}
		{F81F7C9E-3293-4676-B4F0-A2DC87FF07B0} = {A86606AC-8C35-4712-A8F3-2D8E80B7BEAE}
		{6227148E-7A66-4D2B-9E22-6D732A22C7EE} = {A86606AC-8C35-4712-A8F3-2D8E80B7BEAE}
	EndGlobalSection
	GlobalSection(ExtensibilityGlobals) = postSolution
		SolutionGuid = {E24F3DEE-BF24-4E38-8D4E-18F250A2E250}
	EndGlobalSection
EndGlobal
